
Microsoft Visual Studio Solution File, Format Version 12.00
# Visual Studio Version 17
VisualStudioVersion = 17.14.36717.8 d17.14
MinimumVisualStudioVersion = 10.0.40219.1
Project("{FAE04EC0-301F-11D3-BF4B-00C04F79EFBC}") = "mbbs_testing", "mbbs_testing\mbbs_testing.csproj", "{0C1C8DE5-8616-46BB-B898-774AAD99B50D}"
EndProject
Global
	GlobalSection(SolutionConfigurationPlatforms) = preSolution
		Debug|Any CPU = Debug|Any CPU
		Release|Any CPU = Release|Any CPU
	EndGlobalSection
	GlobalSection(ProjectConfigurationPlatforms) = postSolution
		{0C1C8DE5-8616-46BB-B898-774AAD99B50D}.Debug|Any CPU.ActiveCfg = Debug|Any CPU
		{0C1C8DE5-8616-46BB-B898-774AAD99B50D}.Debug|Any CPU.Build.0 = Debug|Any CPU
		{0C1C8DE5-8616-46BB-B898-774AAD99B50D}.Release|Any CPU.ActiveCfg = Release|Any CPU
		{0C1C8DE5-8616-46BB-B898-774AAD99B50D}.Release|Any CPU.Build.0 = Release|Any CPU
	EndGlobalSection
	GlobalSection(SolutionProperties) = preSolution
		HideSolutionNode = FALSE
	EndGlobalSection
	GlobalSection(ExtensibilityGlobals) = postSolution
		SolutionGuid = {916351A6-50F0-4D59-AD6E-BAAF0343B674}
	EndGlobalSection
EndGlobal
